{
    "_meta": {
        "hash": {
            "sha256": "a199c92418bd1c4f61cfedd5c80e7be0bd768f662e4a97a3ff8f860535bc506a"
        },
        "pipfile-spec": 6,
        "requires": {
            "python_version": "3.10"
        },
        "sources": [
            {
                "name": "pypi",
                "url": "https://pypi.org/simple",
                "verify_ssl": true
            }
        ]
    },
    "default": {
        "certifi": {
            "hashes": [
                "sha256:0569859f95fc761b18b45ef421b1290a0f65f147e92a1e5eb3e635f9a5e4e66f",
                "sha256:dc383c07b76109f368f6106eee2b593b04a011ea4d55f652c6ca24a754d1cdd1"
            ],
            "markers": "python_version >= '3.6'",
            "version": "==2024.2.2"
        },
        "charset-normalizer": {
            "hashes": [
                "sha256:06435b539f889b1f6f4ac1758871aae42dc3a8c0e24ac9e60c2384973ad73027",
                "sha256:06a81e93cd441c56a9b65d8e1d043daeb97a3d0856d177d5c90ba85acb3db087",
                "sha256:0a55554a2fa0d408816b3b5cedf0045f4b8e1a6065aec45849de2d6f3f8e9786",
                "sha256:0b2b64d2bb6d3fb9112bafa732def486049e63de9618b5843bcdd081d8144cd8",
                "sha256:10955842570876604d404661fbccbc9c7e684caf432c09c715ec38fbae45ae09",
                "sha256:122c7fa62b130ed55f8f285bfd56d5f4b4a5b503609d181f9ad85e55c89f4185",
                "sha256:1ceae2f17a9c33cb48e3263960dc5fc8005351ee19db217e9b1bb15d28c02574",
                "sha256:1d3193f4a680c64b4b6a9115943538edb896edc190f0b222e73761716519268e",
                "sha256:1f79682fbe303db92bc2b1136016a38a42e835d932bab5b3b1bfcfbf0640e519",
                "sha256:2127566c664442652f024c837091890cb1942c30937add288223dc895793f898",
                "sha256:22afcb9f253dac0696b5a4be4a1c0f8762f8239e21b99680099abd9b2b1b2269",
                "sha256:25baf083bf6f6b341f4121c2f3c548875ee6f5339300e08be3f2b2ba1721cdd3",
                "sha256:2e81c7b9c8979ce92ed306c249d46894776a909505d8f5a4ba55b14206e3222f",
                "sha256:3287761bc4ee9e33561a7e058c72ac0938c4f57fe49a09eae428fd88aafe7bb6",
                "sha256:34d1c8da1e78d2e001f363791c98a272bb734000fcef47a491c1e3b0505657a8",
                "sha256:37e55c8e51c236f95b033f6fb391d7d7970ba5fe7ff453dad675e88cf303377a",
                "sha256:3d47fa203a7bd9c5b6cee4736ee84ca03b8ef23193c0d1ca99b5089f72645c73",
                "sha256:3e4d1f6587322d2788836a99c69062fbb091331ec940e02d12d179c1d53e25fc",
                "sha256:42cb296636fcc8b0644486d15c12376cb9fa75443e00fb25de0b8602e64c1714",
                "sha256:45485e01ff4d3630ec0d9617310448a8702f70e9c01906b0d0118bdf9d124cf2",
                "sha256:4a78b2b446bd7c934f5dcedc588903fb2f5eec172f3d29e52a9096a43722adfc",
                "sha256:4ab2fe47fae9e0f9dee8c04187ce5d09f48eabe611be8259444906793ab7cbce",
                "sha256:4d0d1650369165a14e14e1e47b372cfcb31d6ab44e6e33cb2d4e57265290044d",
                "sha256:549a3a73da901d5bc3ce8d24e0600d1fa85524c10287f6004fbab87672bf3e1e",
                "sha256:55086ee1064215781fff39a1af09518bc9255b50d6333f2e4c74ca09fac6a8f6",
                "sha256:572c3763a264ba47b3cf708a44ce965d98555f618ca42c926a9c1616d8f34269",
                "sha256:573f6eac48f4769d667c4442081b1794f52919e7edada77495aaed9236d13a96",
                "sha256:5b4c145409bef602a690e7cfad0a15a55c13320ff7a3ad7ca59c13bb8ba4d45d",
                "sha256:6463effa3186ea09411d50efc7d85360b38d5f09b870c48e4600f63af490e56a",
                "sha256:65f6f63034100ead094b8744b3b97965785388f308a64cf8d7c34f2f2e5be0c4",
                "sha256:663946639d296df6a2bb2aa51b60a2454ca1cb29835324c640dafb5ff2131a77",
                "sha256:6897af51655e3691ff853668779c7bad41579facacf5fd7253b0133308cf000d",
                "sha256:68d1f8a9e9e37c1223b656399be5d6b448dea850bed7d0f87a8311f1ff3dabb0",
                "sha256:6ac7ffc7ad6d040517be39eb591cac5ff87416c2537df6ba3cba3bae290c0fed",
                "sha256:6b3251890fff30ee142c44144871185dbe13b11bab478a88887a639655be1068",
                "sha256:6c4caeef8fa63d06bd437cd4bdcf3ffefe6738fb1b25951440d80dc7df8c03ac",
                "sha256:6ef1d82a3af9d3eecdba2321dc1b3c238245d890843e040e41e470ffa64c3e25",
                "sha256:753f10e867343b4511128c6ed8c82f7bec3bd026875576dfd88483c5c73b2fd8",
                "sha256:7cd13a2e3ddeed6913a65e66e94b51d80a041145a026c27e6bb76c31a853c6ab",
                "sha256:7ed9e526742851e8d5cc9e6cf41427dfc6068d4f5a3bb03659444b4cabf6bc26",
                "sha256:7f04c839ed0b6b98b1a7501a002144b76c18fb1c1850c8b98d458ac269e26ed2",
                "sha256:802fe99cca7457642125a8a88a084cef28ff0cf9407060f7b93dca5aa25480db",
                "sha256:80402cd6ee291dcb72644d6eac93785fe2c8b9cb30893c1af5b8fdd753b9d40f",
                "sha256:8465322196c8b4d7ab6d1e049e4c5cb460d0394da4a27d23cc242fbf0034b6b5",
                "sha256:86216b5cee4b06df986d214f664305142d9c76df9b6512be2738aa72a2048f99",
                "sha256:87d1351268731db79e0f8e745d92493ee2841c974128ef629dc518b937d9194c",
                "sha256:8bdb58ff7ba23002a4c5808d608e4e6c687175724f54a5dade5fa8c67b604e4d",
                "sha256:8c622a5fe39a48f78944a87d4fb8a53ee07344641b0562c540d840748571b811",
                "sha256:8d756e44e94489e49571086ef83b2bb8ce311e730092d2c34ca8f7d925cb20aa",
                "sha256:8f4a014bc36d3c57402e2977dada34f9c12300af536839dc38c0beab8878f38a",
                "sha256:9063e24fdb1e498ab71cb7419e24622516c4a04476b17a2dab57e8baa30d6e03",
                "sha256:90d558489962fd4918143277a773316e56c72da56ec7aa3dc3dbbe20fdfed15b",
                "sha256:923c0c831b7cfcb071580d3f46c4baf50f174be571576556269530f4bbd79d04",
                "sha256:95f2a5796329323b8f0512e09dbb7a1860c46a39da62ecb2324f116fa8fdc85c",
                "sha256:96b02a3dc4381e5494fad39be677abcb5e6634bf7b4fa83a6dd3112607547001",
                "sha256:9f96df6923e21816da7e0ad3fd47dd8f94b2a5ce594e00677c0013018b813458",
                "sha256:a10af20b82360ab00827f916a6058451b723b4e65030c5a18577c8b2de5b3389",
                "sha256:a50aebfa173e157099939b17f18600f72f84eed3049e743b68ad15bd69b6bf99",
                "sha256:a981a536974bbc7a512cf44ed14938cf01030a99e9b3a06dd59578882f06f985",
                "sha256:a9a8e9031d613fd2009c182b69c7b2c1ef8239a0efb1df3f7c8da66d5dd3d537",
                "sha256:ae5f4161f18c61806f411a13b0310bea87f987c7d2ecdbdaad0e94eb2e404238",
                "sha256:aed38f6e4fb3f5d6bf81bfa990a07806be9d83cf7bacef998ab1a9bd660a581f",
                "sha256:b01b88d45a6fcb69667cd6d2f7a9aeb4bf53760d7fc536bf679ec94fe9f3ff3d",
                "sha256:b261ccdec7821281dade748d088bb6e9b69e6d15b30652b74cbbac25e280b796",
                "sha256:b2b0a0c0517616b6869869f8c581d4eb2dd83a4d79e0ebcb7d373ef9956aeb0a",
                "sha256:b4a23f61ce87adf89be746c8a8974fe1c823c891d8f86eb218bb957c924bb143",
                "sha256:bd8f7df7d12c2db9fab40bdd87a7c09b1530128315d047a086fa3ae3435cb3a8",
                "sha256:beb58fe5cdb101e3a055192ac291b7a21e3b7ef4f67fa1d74e331a7f2124341c",
                "sha256:c002b4ffc0be611f0d9da932eb0f704fe2602a9a949d1f738e4c34c75b0863d5",
                "sha256:c083af607d2515612056a31f0a8d9e0fcb5876b7bfc0abad3ecd275bc4ebc2d5",
                "sha256:c180f51afb394e165eafe4ac2936a14bee3eb10debc9d9e4db8958fe36afe711",
                "sha256:c235ebd9baae02f1b77bcea61bce332cb4331dc3617d254df3323aa01ab47bd4",
                "sha256:cd70574b12bb8a4d2aaa0094515df2463cb429d8536cfb6c7ce983246983e5a6",
                "sha256:d0eccceffcb53201b5bfebb52600a5fb483a20b61da9dbc885f8b103cbe7598c",
                "sha256:d965bba47ddeec8cd560687584e88cf699fd28f192ceb452d1d7ee807c5597b7",
                "sha256:db364eca23f876da6f9e16c9da0df51aa4f104a972735574842618b8c6d999d4",
                "sha256:ddbb2551d7e0102e7252db79ba445cdab71b26640817ab1e3e3648dad515003b",
                "sha256:deb6be0ac38ece9ba87dea880e438f25ca3eddfac8b002a2ec3d9183a454e8ae",
                "sha256:e06ed3eb3218bc64786f7db41917d4e686cc4856944f53d5bdf83a6884432e12",
                "sha256:e27ad930a842b4c5eb8ac0016b0a54f5aebbe679340c26101df33424142c143c",
                "sha256:e537484df0d8f426ce2afb2d0f8e1c3d0b114b83f8850e5f2fbea0e797bd82ae",
                "sha256:eb00ed941194665c332bf8e078baf037d6c35d7c4f3102ea2d4f16ca94a26dc8",
                "sha256:eb6904c354526e758fda7167b33005998fb68c46fbc10e013ca97f21ca5c8887",
                "sha256:eb8821e09e916165e160797a6c17edda0679379a4be5c716c260e836e122f54b",
                "sha256:efcb3f6676480691518c177e3b465bcddf57cea040302f9f4e6e191af91174d4",
                "sha256:f27273b60488abe721a075bcca6d7f3964f9f6f067c8c4c605743023d7d3944f",
                "sha256:f30c3cb33b24454a82faecaf01b19c18562b1e89558fb6c56de4d9118a032fd5",
                "sha256:fb69256e180cb6c8a894fee62b3afebae785babc1ee98b81cdf68bbca1987f33",
                "sha256:fd1abc0d89e30cc4e02e4064dc67fcc51bd941eb395c502aac3ec19fab46b519",
                "sha256:ff8fa367d09b717b2a17a052544193ad76cd49979c805768879cb63d9ca50561"
            ],
            "markers": "python_full_version >= '3.7.0'",
            "version": "==3.3.2"
        },
        "click": {
            "hashes": [
                "sha256:ae74fb96c20a0277a1d615f1e4d73c8414f5a98db8b799a7931d1582f3390c28",
                "sha256:ca9853ad459e787e2192211578cc907e7594e294c7ccc834310722b41b9ca6de"
            ],
            "markers": "python_version >= '3.7'",
            "version": "==8.1.7"
        },
        "crowdstrike-falconpy": {
            "hashes": [
                "sha256:033df072d30c1522b04fdc27d3cc478690a3b320948e12290ee60ca6f1eea816",
                "sha256:518a215f0d7e5382392ddf7e3e6e150e1701a21e9b85af985da38fd3c0071ae1"
            ],
            "index": "pypi",
            "markers": "python_version >= '3.7'",
            "version": "==1.4.3"
        },
        "dateparser": {
            "hashes": [
                "sha256:0b21ad96534e562920a0083e97fd45fa959882d4162acc358705144520a35830",
                "sha256:7975b43a4222283e0ae15be7b4999d08c9a70e2d378ac87385b1ccf2cffbbb30"
            ],
            "index": "pypi",
            "markers": "python_version >= '3.7'",
            "version": "==1.2.0"
        },
        "idna": {
            "hashes": [
                "sha256:028ff3aadf0609c1fd278d8ea3089299412a7a8b9bd005dd08b9f8285bcb5cfc",
                "sha256:82fee1fc78add43492d3a1898bfa6d8a904cc97d8427f683ed8e798d07761aa0"
            ],
            "markers": "python_version >= '3.5'",
            "version": "==3.7"
        },
        "markdown-it-py": {
            "hashes": [
                "sha256:355216845c60bd96232cd8d8c40e8f9765cc86f46880e43a8fd22dc1a1a8cab1",
                "sha256:e3f60a94fa066dc52ec76661e37c851cb232d92f9886b15cb560aaada2df8feb"
            ],
            "markers": "python_version >= '3.8'",
            "version": "==3.0.0"
        },
        "mdurl": {
            "hashes": [
                "sha256:84008a41e51615a49fc9966191ff91509e3c40b939176e643fd50a5c2196b8f8",
                "sha256:bb413d29f5eea38f31dd4754dd7377d4465116fb207585f97bf925588687c1ba"
            ],
            "markers": "python_version >= '3.7'",
            "version": "==0.1.2"
        },
        "pygments": {
            "hashes": [
                "sha256:786ff802f32e91311bff3889f6e9a86e81505fe99f2735bb6d60ae0c5004f199",
                "sha256:b8e6aca0523f3ab76fee51799c488e38782ac06eafcf95e7ba832985c8e7b13a"
            ],
            "markers": "python_version >= '3.8'",
            "version": "==2.18.0"
        },
        "python-dateutil": {
            "hashes": [
                "sha256:37dd54208da7e1cd875388217d5e00ebd4179249f90fb72437e91a35459a0ad3",
                "sha256:a8b2bc7bffae282281c8140a97d3aa9c14da0b136dfe83f850eea9a5f7470427"
            ],
            "markers": "python_version >= '2.7' and python_version not in '3.0, 3.1, 3.2, 3.3'",
            "version": "==2.9.0.post0"
        },
        "pytz": {
            "hashes": [
                "sha256:2a29735ea9c18baf14b448846bde5a48030ed267578472d8955cd0e7443a9812",
                "sha256:328171f4e3623139da4983451950b28e95ac706e13f3f2630a879749e7a8b319"
            ],
            "version": "==2024.1"
        },
        "regex": {
            "hashes": [
                "sha256:05d9b6578a22db7dedb4df81451f360395828b04f4513980b6bd7a1412c679cc",
                "sha256:08a1749f04fee2811c7617fdd46d2e46d09106fa8f475c884b65c01326eb15c5",
                "sha256:0940038bec2fe9e26b203d636c44d31dd8766abc1fe66262da6484bd82461ccf",
                "sha256:0a2a512d623f1f2d01d881513af9fc6a7c46e5cfffb7dc50c38ce959f9246c94",
                "sha256:0a54a047b607fd2d2d52a05e6ad294602f1e0dec2291152b745870afc47c1397",
                "sha256:0dd3f69098511e71880fb00f5815db9ed0ef62c05775395968299cb400aeab82",
                "sha256:1031a5e7b048ee371ab3653aad3030ecfad6ee9ecdc85f0242c57751a05b0ac4",
                "sha256:108e2dcf0b53a7c4ab8986842a8edcb8ab2e59919a74ff51c296772e8e74d0ae",
                "sha256:144a1fc54765f5c5c36d6d4b073299832aa1ec6a746a6452c3ee7b46b3d3b11d",
                "sha256:19d6c11bf35a6ad077eb23852827f91c804eeb71ecb85db4ee1386825b9dc4db",
                "sha256:1f687a28640f763f23f8a9801fe9e1b37338bb1ca5d564ddd41619458f1f22d1",
                "sha256:224803b74aab56aa7be313f92a8d9911dcade37e5f167db62a738d0c85fdac4b",
                "sha256:23a412b7b1a7063f81a742463f38821097b6a37ce1e5b89dd8e871d14dbfd86b",
                "sha256:25f87ae6b96374db20f180eab083aafe419b194e96e4f282c40191e71980c666",
                "sha256:2630ca4e152c221072fd4a56d4622b5ada876f668ecd24d5ab62544ae6793ed6",
                "sha256:28e1f28d07220c0f3da0e8fcd5a115bbb53f8b55cecf9bec0c946eb9a059a94c",
                "sha256:2b51739ddfd013c6f657b55a508de8b9ea78b56d22b236052c3a85a675102dc6",
                "sha256:2cc1b87bba1dd1a898e664a31012725e48af826bf3971e786c53e32e02adae6c",
                "sha256:2fef0b38c34ae675fcbb1b5db760d40c3fc3612cfa186e9e50df5782cac02bcd",
                "sha256:36f392dc7763fe7924575475736bddf9ab9f7a66b920932d0ea50c2ded2f5636",
                "sha256:374f690e1dd0dbdcddea4a5c9bdd97632cf656c69113f7cd6a361f2a67221cb6",
                "sha256:3986217ec830c2109875be740531feb8ddafe0dfa49767cdcd072ed7e8927962",
                "sha256:39fb166d2196413bead229cd64a2ffd6ec78ebab83fff7d2701103cf9f4dfd26",
                "sha256:4290035b169578ffbbfa50d904d26bec16a94526071ebec3dadbebf67a26b25e",
                "sha256:43548ad74ea50456e1c68d3c67fff3de64c6edb85bcd511d1136f9b5376fc9d1",
                "sha256:44a22ae1cfd82e4ffa2066eb3390777dc79468f866f0625261a93e44cdf6482b",
                "sha256:457c2cd5a646dd4ed536c92b535d73548fb8e216ebee602aa9f48e068fc393f3",
                "sha256:459226445c7d7454981c4c0ce0ad1a72e1e751c3e417f305722bbcee6697e06a",
                "sha256:47af45b6153522733aa6e92543938e97a70ce0900649ba626cf5aad290b737b6",
                "sha256:499334ad139557de97cbc4347ee921c0e2b5e9c0f009859e74f3f77918339257",
                "sha256:57ba112e5530530fd175ed550373eb263db4ca98b5f00694d73b18b9a02e7185",
                "sha256:5ce479ecc068bc2a74cb98dd8dba99e070d1b2f4a8371a7dfe631f85db70fe6e",
                "sha256:5dbc1bcc7413eebe5f18196e22804a3be1bfdfc7e2afd415e12c068624d48247",
                "sha256:6277d426e2f31bdbacb377d17a7475e32b2d7d1f02faaecc48d8e370c6a3ff31",
                "sha256:66372c2a01782c5fe8e04bff4a2a0121a9897e19223d9eab30c54c50b2ebeb7f",
                "sha256:670fa596984b08a4a769491cbdf22350431970d0112e03d7e4eeaecaafcd0fec",
                "sha256:6f435946b7bf7a1b438b4e6b149b947c837cb23c704e780c19ba3e6855dbbdd3",
                "sha256:7413167c507a768eafb5424413c5b2f515c606be5bb4ef8c5dee43925aa5718b",
                "sha256:7c3d389e8d76a49923683123730c33e9553063d9041658f23897f0b396b2386f",
                "sha256:7d77b6f63f806578c604dca209280e4c54f0fa9a8128bb8d2cc5fb6f99da4150",
                "sha256:7e76b9cfbf5ced1aca15a0e5b6f229344d9b3123439ffce552b11faab0114a02",
                "sha256:7f3502f03b4da52bbe8ba962621daa846f38489cae5c4a7b5d738f15f6443d17",
                "sha256:7fe9739a686dc44733d52d6e4f7b9c77b285e49edf8570754b322bca6b85b4cc",
                "sha256:83ab366777ea45d58f72593adf35d36ca911ea8bd838483c1823b883a121b0e4",
                "sha256:84077821c85f222362b72fdc44f7a3a13587a013a45cf14534df1cbbdc9a6796",
                "sha256:8bb381f777351bd534462f63e1c6afb10a7caa9fa2a421ae22c26e796fe31b1f",
                "sha256:92da587eee39a52c91aebea8b850e4e4f095fe5928d415cb7ed656b3460ae79a",
                "sha256:9301cc6db4d83d2c0719f7fcda37229691745168bf6ae849bea2e85fc769175d",
                "sha256:965fd0cf4694d76f6564896b422724ec7b959ef927a7cb187fc6b3f4e4f59833",
                "sha256:99d6a550425cc51c656331af0e2b1651e90eaaa23fb4acde577cf15068e2e20f",
                "sha256:99ef6289b62042500d581170d06e17f5353b111a15aa6b25b05b91c6886df8fc",
                "sha256:a1409c4eccb6981c7baabc8888d3550df518add6e06fe74fa1d9312c1838652d",
                "sha256:a74fcf77d979364f9b69fcf8200849ca29a374973dc193a7317698aa37d8b01c",
                "sha256:aaa179975a64790c1f2701ac562b5eeb733946eeb036b5bcca05c8d928a62f10",
                "sha256:ac69b394764bb857429b031d29d9604842bc4cbfd964d764b1af1868eeebc4f0",
                "sha256:b45d4503de8f4f3dc02f1d28a9b039e5504a02cc18906cfe744c11def942e9eb",
                "sha256:b7d893c8cf0e2429b823ef1a1d360a25950ed11f0e2a9df2b5198821832e1947",
                "sha256:b8eb28995771c087a73338f695a08c9abfdf723d185e57b97f6175c5051ff1ae",
                "sha256:b91d529b47798c016d4b4c1d06cc826ac40d196da54f0de3c519f5a297c5076a",
                "sha256:bc365ce25f6c7c5ed70e4bc674f9137f52b7dd6a125037f9132a7be52b8a252f",
                "sha256:bf29304a8011feb58913c382902fde3395957a47645bf848eea695839aa101b7",
                "sha256:c06bf3f38f0707592898428636cbb75d0a846651b053a1cf748763e3063a6925",
                "sha256:c77d10ec3c1cf328b2f501ca32583625987ea0f23a0c2a49b37a39ee5c4c4630",
                "sha256:cd196d056b40af073d95a2879678585f0b74ad35190fac04ca67954c582c6b61",
                "sha256:d7a353ebfa7154c871a35caca7bfd8f9e18666829a1dc187115b80e35a29393e",
                "sha256:d84308f097d7a513359757c69707ad339da799e53b7393819ec2ea36bc4beb58",
                "sha256:dd7ef715ccb8040954d44cfeff17e6b8e9f79c8019daae2fd30a8806ef5435c0",
                "sha256:e672cf9caaf669053121f1766d659a8813bd547edef6e009205378faf45c67b8",
                "sha256:ecc6148228c9ae25ce403eade13a0961de1cb016bdb35c6eafd8e7b87ad028b1",
                "sha256:f1c5742c31ba7d72f2dedf7968998730664b45e38827637e0f04a2ac7de2f5f1",
                "sha256:f1d6e4b7b2ae3a6a9df53efbf199e4bfcff0959dbdb5fd9ced34d4407348e39a",
                "sha256:f2fc053228a6bd3a17a9b0a3f15c3ab3cf95727b00557e92e1cfe094b88cc662",
                "sha256:f57515750d07e14743db55d59759893fdb21d2668f39e549a7d6cad5d70f9fea",
                "sha256:f85151ec5a232335f1be022b09fbbe459042ea1951d8a48fef251223fc67eee1",
                "sha256:fb0315a2b26fde4005a7c401707c5352df274460f2f85b209cf6024271373013",
                "sha256:fc0916c4295c64d6890a46e02d4482bb5ccf33bf1a824c0eaa9e83b148291f90",
                "sha256:fd24fd140b69f0b0bcc9165c397e9b2e89ecbeda83303abf2a072609f60239e2",
                "sha256:fdae0120cddc839eb8e3c15faa8ad541cc6d906d3eb24d82fb041cfe2807bc1e",
                "sha256:fe00f4fe11c8a521b173e6324d862ee7ee3412bf7107570c9b564fe1119b56fb"
            ],
            "markers": "python_version >= '3.8'",
            "version": "==2024.4.28"
        },
        "requests": {
            "hashes": [
                "sha256:58cd2187c01e70e6e26505bca751777aa9f2ee0b7f4300988b709f44e013003f",
                "sha256:942c5a758f98d790eaed1a29cb6eefc7ffb0d1cf7af05c3d2791656dbd6ad1e1"
            ],
            "markers": "python_version >= '3.7'",
            "version": "==2.31.0"
        },
        "rich": {
            "hashes": [
                "sha256:4edbae314f59eb482f54e9e30bf00d33350aaa94f4bfcd4e9e3110e64d0d7222",
                "sha256:9be308cb1fe2f1f57d67ce99e95af38a1e2bc71ad9813b0e247cf7ffbcc3a432"
            ],
            "index": "pypi",
            "markers": "python_full_version >= '3.7.0'",
            "version": "==13.7.1"
        },
        "shellingham": {
            "hashes": [
                "sha256:7ecfff8f2fd72616f7481040475a65b2bf8af90a56c89140852d1120324e8686",
                "sha256:8dbca0739d487e5bd35ab3ca4b36e11c4078f3a234bfce294b0a0291363404de"
            ],
            "markers": "python_version >= '3.7'",
            "version": "==1.5.4"
        },
        "six": {
            "hashes": [
                "sha256:1e61c37477a1626458e36f7b1d82aa5c9b094fa4802892072e49de9c60c4c926",
                "sha256:8abb2f1d86890a2dfb989f9a77cfcfd3e47c2a354b01111771326f8aa26e0254"
            ],
            "markers": "python_version >= '2.7' and python_version not in '3.0, 3.1, 3.2, 3.3'",
            "version": "==1.16.0"
        },
        "typer": {
            "hashes": [
                "sha256:070d7ca53f785acbccba8e7d28b08dcd88f79f1fbda035ade0aecec71ca5c914",
                "sha256:49e73131481d804288ef62598d97a1ceef3058905aa536a1134f90891ba35482"
            ],
            "index": "pypi",
            "markers": "python_version >= '3.7'",
            "version": "==0.12.3"
        },
        "typing-extensions": {
            "hashes": [
                "sha256:83f085bd5ca59c80295fc2a82ab5dac679cbe02b9f33f7d83af68e241bea51b0",
                "sha256:c1f94d72897edaf4ce775bb7558d5b79d8126906a14ea5ed1635921406c0387a"
            ],
            "markers": "python_version >= '3.8'",
            "version": "==4.11.0"
        },
        "tzlocal": {
            "hashes": [
                "sha256:49816ef2fe65ea8ac19d19aa7a1ae0551c834303d5014c6d5a62e4cbda8047b8",
                "sha256:8d399205578f1a9342816409cc1e46a93ebd5755e39ea2d85334bea911bf0e6e"
            ],
            "markers": "python_version >= '3.8'",
            "version": "==5.2"
        },
        "urllib3": {
            "hashes": [
                "sha256:450b20ec296a467077128bff42b73080516e71b56ff59a60a02bef2232c4fa9d",
                "sha256:d0570876c61ab9e520d776c38acbbb5b05a776d3f9ff98a5c8fd5162a444cf19"
            ],
            "markers": "python_version >= '3.8'",
            "version": "==2.2.1"
        }
    },
    "develop": {}
}
